
Microsoft Visual Studio Solution File, Format Version 12.00
# Visual Studio 15
VisualStudioVersion = 15.0.28307.329
MinimumVisualStudioVersion = 10.0.40219.1
Project("{9A19103F-16F7-4668-BE54-9A1E7A4F7556}") = "TestTaskCSCteam", "TestTaskCSCteam\TestTaskCSCteam.csproj", "{CF821F68-6AED-4FD0-81BA-8545417DE5BA}"
EndProject
Project("{FAE04EC0-301F-11D3-BF4B-00C04F79EFBC}") = "TestTaskCSCteamTests", "TestTaskCSCteamTests\TestTaskCSCteamTests.csproj", "{55A0332A-C594-4654-A8B8-16C277BCB4D8}"
EndProject
Global
	GlobalSection(SolutionConfigurationPlatforms) = preSolution
		Debug|Any CPU = Debug|Any CPU
		Release|Any CPU = Release|Any CPU
	EndGlobalSection
	GlobalSection(ProjectConfigurationPlatforms) = postSolution
		{CF821F68-6AED-4FD0-81BA-8545417DE5BA}.Debug|Any CPU.ActiveCfg = Debug|Any CPU
		{CF821F68-6AED-4FD0-81BA-8545417DE5BA}.Debug|Any CPU.Build.0 = Debug|Any CPU
		{CF821F68-6AED-4FD0-81BA-8545417DE5BA}.Release|Any CPU.ActiveCfg = Release|Any CPU
		{CF821F68-6AED-4FD0-81BA-8545417DE5BA}.Release|Any CPU.Build.0 = Release|Any CPU
		{55A0332A-C594-4654-A8B8-16C277BCB4D8}.Debug|Any CPU.ActiveCfg = Debug|Any CPU
		{55A0332A-C594-4654-A8B8-16C277BCB4D8}.Debug|Any CPU.Build.0 = Debug|Any CPU
		{55A0332A-C594-4654-A8B8-16C277BCB4D8}.Release|Any CPU.ActiveCfg = Release|Any CPU
		{55A0332A-C594-4654-A8B8-16C277BCB4D8}.Release|Any CPU.Build.0 = Release|Any CPU
	EndGlobalSection
	GlobalSection(SolutionProperties) = preSolution
		HideSolutionNode = FALSE
	EndGlobalSection
	GlobalSection(ExtensibilityGlobals) = postSolution
		SolutionGuid = {35E9EBC7-C36F-471E-BB51-2399CC9F7015}
	EndGlobalSection
EndGlobal
